// !$*UTF8*$!
{
	archiveVersion = 1;
	classes = {
	};
	objectVersion = 51;
	objects = {

/* Begin PBXBuildFile section */
		1835D7562454E5DA005813CE /* AppDelegate.swift in Sources */ = {isa = PBXBuildFile; fileRef = 1835D7552454E5DA005813CE /* AppDelegate.swift */; };
		1835D7582454E5DA005813CE /* SceneDelegate.swift in Sources */ = {isa = PBXBuildFile; fileRef = 1835D7572454E5DA005813CE /* SceneDelegate.swift */; };
		1835D75A2454E5DA005813CE /* ConcertsListViewController.swift in Sources */ = {isa = PBXBuildFile; fileRef = 1835D7592454E5DA005813CE /* ConcertsListViewController.swift */; };
		1835D75D2454E5DA005813CE /* Main.storyboard in Resources */ = {isa = PBXBuildFile; fileRef = 1835D75B2454E5DA005813CE /* Main.storyboard */; };
		1835D75F2454E5DB005813CE /* Assets.xcassets in Resources */ = {isa = PBXBuildFile; fileRef = 1835D75E2454E5DB005813CE /* Assets.xcassets */; };
		1835D7622454E5DB005813CE /* LaunchScreen.storyboard in Resources */ = {isa = PBXBuildFile; fileRef = 1835D7602454E5DB005813CE /* LaunchScreen.storyboard */; };
		18A938CB24563AEF00666E2A /* UIViewController+alert.swift in Sources */ = {isa = PBXBuildFile; fileRef = 18A938CA24563AEF00666E2A /* UIViewController+alert.swift */; };
		18A938CF2456566900666E2A /* SplashScreenViewController.swift in Sources */ = {isa = PBXBuildFile; fileRef = 18A938CE2456566900666E2A /* SplashScreenViewController.swift */; };
		18A938D12456758D00666E2A /* SavedConcertsViewController.swift in Sources */ = {isa = PBXBuildFile; fileRef = 18A938D02456758D00666E2A /* SavedConcertsViewController.swift */; };
		18BDF24F2454E9EA00642D98 /* GoogleService-Info.plist in Resources */ = {isa = PBXBuildFile; fileRef = 18BDF24E2454E9EA00642D98 /* GoogleService-Info.plist */; };
		18DA7E3224561B7100F319AE /* APIKeys.swift in Sources */ = {isa = PBXBuildFile; fileRef = 18DA7E3124561B7100F319AE /* APIKeys.swift */; };
		18DBE54C2454FA9B00F41098 /* ConcertDetailTableViewController.swift in Sources */ = {isa = PBXBuildFile; fileRef = 18DBE54B2454FA9B00F41098 /* ConcertDetailTableViewController.swift */; };
		18DBE54E2454FB5700F41098 /* Concert.swift in Sources */ = {isa = PBXBuildFile; fileRef = 18DBE54D2454FB5700F41098 /* Concert.swift */; };
		18DBE550245517D300F41098 /* Concerts.swift in Sources */ = {isa = PBXBuildFile; fileRef = 18DBE54F245517D300F41098 /* Concerts.swift */; };
		A513778CE70E74BF7F6CD9F9 /* Pods_Treble.framework in Frameworks */ = {isa = PBXBuildFile; fileRef = 5A59455C952B50D8F52E01C6 /* Pods_Treble.framework */; };
/* End PBXBuildFile section */

/* Begin PBXFileReference section */
		1835D7522454E5DA005813CE /* Treble.app */ = {isa = PBXFileReference; explicitFileType = wrapper.application; includeInIndex = 0; path = Treble.app; sourceTree = BUILT_PRODUCTS_DIR; };
		1835D7552454E5DA005813CE /* AppDelegate.swift */ = {isa = PBXFileReference; lastKnownFileType = sourcecode.swift; path = AppDelegate.swift; sourceTree = "<group>"; };
		1835D7572454E5DA005813CE /* SceneDelegate.swift */ = {isa = PBXFileReference; lastKnownFileType = sourcecode.swift; path = SceneDelegate.swift; sourceTree = "<group>"; };
		1835D7592454E5DA005813CE /* ConcertsListViewController.swift */ = {isa = PBXFileReference; lastKnownFileType = sourcecode.swift; path = ConcertsListViewController.swift; sourceTree = "<group>"; };
		1835D75C2454E5DA005813CE /* Base */ = {isa = PBXFileReference; lastKnownFileType = file.storyboard; name = Base; path = Base.lproj/Main.storyboard; sourceTree = "<group>"; };
		1835D75E2454E5DB005813CE /* Assets.xcassets */ = {isa = PBXFileReference; lastKnownFileType = folder.assetcatalog; path = Assets.xcassets; sourceTree = "<group>"; };
		1835D7612454E5DB005813CE /* Base */ = {isa = PBXFileReference; lastKnownFileType = file.storyboard; name = Base; path = Base.lproj/LaunchScreen.storyboard; sourceTree = "<group>"; };
		1835D7632454E5DB005813CE /* Info.plist */ = {isa = PBXFileReference; lastKnownFileType = text.plist.xml; path = Info.plist; sourceTree = "<group>"; };
		18A938CA24563AEF00666E2A /* UIViewController+alert.swift */ = {isa = PBXFileReference; fileEncoding = 4; lastKnownFileType = sourcecode.swift; path = "UIViewController+alert.swift"; sourceTree = "<group>"; };
		18A938CE2456566900666E2A /* SplashScreenViewController.swift */ = {isa = PBXFileReference; lastKnownFileType = sourcecode.swift; path = SplashScreenViewController.swift; sourceTree = "<group>"; };
		18A938D02456758D00666E2A /* SavedConcertsViewController.swift */ = {isa = PBXFileReference; lastKnownFileType = sourcecode.swift; path = SavedConcertsViewController.swift; sourceTree = "<group>"; };
		18BDF24E2454E9EA00642D98 /* GoogleService-Info.plist */ = {isa = PBXFileReference; lastKnownFileType = text.plist; path = "GoogleService-Info.plist"; sourceTree = SOURCE_ROOT; };
		18DA7E3124561B7100F319AE /* APIKeys.swift */ = {isa = PBXFileReference; lastKnownFileType = sourcecode.swift; path = APIKeys.swift; sourceTree = "<group>"; };
		18DBE54B2454FA9B00F41098 /* ConcertDetailTableViewController.swift */ = {isa = PBXFileReference; lastKnownFileType = sourcecode.swift; path = ConcertDetailTableViewController.swift; sourceTree = "<group>"; };
		18DBE54D2454FB5700F41098 /* Concert.swift */ = {isa = PBXFileReference; lastKnownFileType = sourcecode.swift; path = Concert.swift; sourceTree = "<group>"; };
		18DBE54F245517D300F41098 /* Concerts.swift */ = {isa = PBXFileReference; lastKnownFileType = sourcecode.swift; path = Concerts.swift; sourceTree = "<group>"; };
		351E357C48CE966D6940D32C /* Pods-Treble.debug.xcconfig */ = {isa = PBXFileReference; includeInIndex = 1; lastKnownFileType = text.xcconfig; name = "Pods-Treble.debug.xcconfig"; path = "Target Support Files/Pods-Treble/Pods-Treble.debug.xcconfig"; sourceTree = "<group>"; };
		5A59455C952B50D8F52E01C6 /* Pods_Treble.framework */ = {isa = PBXFileReference; explicitFileType = wrapper.framework; includeInIndex = 0; path = Pods_Treble.framework; sourceTree = BUILT_PRODUCTS_DIR; };
		AB3FD68E2FF0458EA4082087 /* Pods-Treble.release.xcconfig */ = {isa = PBXFileReference; includeInIndex = 1; lastKnownFileType = text.xcconfig; name = "Pods-Treble.release.xcconfig"; path = "Target Support Files/Pods-Treble/Pods-Treble.release.xcconfig"; sourceTree = "<group>"; };
/* End PBXFileReference section */

/* Begin PBXFrameworksBuildPhase section */
		1835D74F2454E5DA005813CE /* Frameworks */ = {
			isa = PBXFrameworksBuildPhase;
			buildActionMask = 2147483647;
			files = (
				A513778CE70E74BF7F6CD9F9 /* Pods_Treble.framework in Frameworks */,
			);
			runOnlyForDeploymentPostprocessing = 0;
		};
/* End PBXFrameworksBuildPhase section */

/* Begin PBXGroup section */
		1835D7492454E5DA005813CE = {
			isa = PBXGroup;
			children = (
				1835D7542454E5DA005813CE /* Treble */,
				1835D7532454E5DA005813CE /* Products */,
				5962B9E4EB947E4469A53FE2 /* Pods */,
				A99C214AD692DE2C94D33AED /* Frameworks */,
			);
			sourceTree = "<group>";
		};
		1835D7532454E5DA005813CE /* Products */ = {
			isa = PBXGroup;
			children = (
				1835D7522454E5DA005813CE /* Treble.app */,
			);
			name = Products;
			sourceTree = "<group>";
		};
		1835D7542454E5DA005813CE /* Treble */ = {
			isa = PBXGroup;
			children = (
				1835D7552454E5DA005813CE /* AppDelegate.swift */,
				1835D7572454E5DA005813CE /* SceneDelegate.swift */,
				18DBE54D2454FB5700F41098 /* Concert.swift */,
				18DBE54F245517D300F41098 /* Concerts.swift */,
				1835D7592454E5DA005813CE /* ConcertsListViewController.swift */,
				18DBE54B2454FA9B00F41098 /* ConcertDetailTableViewController.swift */,
				18A938CE2456566900666E2A /* SplashScreenViewController.swift */,
				18A938D02456758D00666E2A /* SavedConcertsViewController.swift */,
				18A938CA24563AEF00666E2A /* UIViewController+alert.swift */,
				1835D75B2454E5DA005813CE /* Main.storyboard */,
				1835D75E2454E5DB005813CE /* Assets.xcassets */,
				1835D7602454E5DB005813CE /* LaunchScreen.storyboard */,
				1835D7632454E5DB005813CE /* Info.plist */,
				18BDF24E2454E9EA00642D98 /* GoogleService-Info.plist */,
				18DA7E3124561B7100F319AE /* APIKeys.swift */,
			);
			path = Treble;
			sourceTree = "<group>";
		};
		5962B9E4EB947E4469A53FE2 /* Pods */ = {
			isa = PBXGroup;
			children = (
				351E357C48CE966D6940D32C /* Pods-Treble.debug.xcconfig */,
				AB3FD68E2FF0458EA4082087 /* Pods-Treble.release.xcconfig */,
			);
			path = Pods;
			sourceTree = "<group>";
		};
		A99C214AD692DE2C94D33AED /* Frameworks */ = {
			isa = PBXGroup;
			children = (
				5A59455C952B50D8F52E01C6 /* Pods_Treble.framework */,
			);
			name = Frameworks;
			sourceTree = "<group>";
		};
/* End PBXGroup section */

/* Begin PBXNativeTarget section */
		1835D7512454E5DA005813CE /* Treble */ = {
			isa = PBXNativeTarget;
			buildConfigurationList = 1835D7662454E5DB005813CE /* Build configuration list for PBXNativeTarget "Treble" */;
			buildPhases = (
				0873D8F92A32AC861DE2954D /* [CP] Check Pods Manifest.lock */,
				1835D74E2454E5DA005813CE /* Sources */,
				1835D74F2454E5DA005813CE /* Frameworks */,
				1835D7502454E5DA005813CE /* Resources */,
				A5112499190454B04ADE4F19 /* [CP] Embed Pods Frameworks */,
				87613B932B6C3709E02D29B5 /* [CP] Copy Pods Resources */,
			);
			buildRules = (
			);
			dependencies = (
			);
			name = Treble;
			productName = Treble;
			productReference = 1835D7522454E5DA005813CE /* Treble.app */;
			productType = "com.apple.product-type.application";
		};
/* End PBXNativeTarget section */

/* Begin PBXProject section */
		1835D74A2454E5DA005813CE /* Project object */ = {
			isa = PBXProject;
			attributes = {
				LastSwiftUpdateCheck = 1130;
				LastUpgradeCheck = 1130;
				ORGANIZATIONNAME = "Aidan Shea";
				TargetAttributes = {
					1835D7512454E5DA005813CE = {
						CreatedOnToolsVersion = 11.3;
					};
				};
			};
			buildConfigurationList = 1835D74D2454E5DA005813CE /* Build configuration list for PBXProject "Treble" */;
			compatibilityVersion = "Xcode 9.3";
			developmentRegion = en;
			hasScannedForEncodings = 0;
			knownRegions = (
				en,
				Base,
			);
			mainGroup = 1835D7492454E5DA005813CE;
			productRefGroup = 1835D7532454E5DA005813CE /* Products */;
			projectDirPath = "";
			projectRoot = "";
			targets = (
				1835D7512454E5DA005813CE /* Treble */,
			);
		};
/* End PBXProject section */

/* Begin PBXResourcesBuildPhase section */
		1835D7502454E5DA005813CE /* Resources */ = {
			isa = PBXResourcesBuildPhase;
			buildActionMask = 2147483647;
			files = (
				1835D7622454E5DB005813CE /* LaunchScreen.storyboard in Resources */,
				18BDF24F2454E9EA00642D98 /* GoogleService-Info.plist in Resources */,
				1835D75F2454E5DB005813CE /* Assets.xcassets in Resources */,
				1835D75D2454E5DA005813CE /* Main.storyboard in Resources */,
			);
			runOnlyForDeploymentPostprocessing = 0;
		};
/* End PBXResourcesBuildPhase section */

/* Begin PBXShellScriptBuildPhase section */
		0873D8F92A32AC861DE2954D /* [CP] Check Pods Manifest.lock */ = {
			isa = PBXShellScriptBuildPhase;
			buildActionMask = 2147483647;
			files = (
			);
			inputFileListPaths = (
			);
			inputPaths = (
				"${PODS_PODFILE_DIR_PATH}/Podfile.lock",
				"${PODS_ROOT}/Manifest.lock",
			);
			name = "[CP] Check Pods Manifest.lock";
			outputFileListPaths = (
			);
			outputPaths = (
				"$(DERIVED_FILE_DIR)/Pods-Treble-checkManifestLockResult.txt",
			);
			runOnlyForDeploymentPostprocessing = 0;
			shellPath = /bin/sh;
			shellScript = "diff \"${PODS_PODFILE_DIR_PATH}/Podfile.lock\" \"${PODS_ROOT}/Manifest.lock\" > /dev/null\nif [ $? != 0 ] ; then\n    # print error to STDERR\n    echo \"error: The sandbox is not in sync with the Podfile.lock. Run 'pod install' or update your CocoaPods installation.\" >&2\n    exit 1\nfi\n# This output is used by Xcode 'outputs' to avoid re-running this script phase.\necho \"SUCCESS\" > \"${SCRIPT_OUTPUT_FILE_0}\"\n";
			showEnvVarsInLog = 0;
		};
		87613B932B6C3709E02D29B5 /* [CP] Copy Pods Resources */ = {
			isa = PBXShellScriptBuildPhase;
			buildActionMask = 2147483647;
			files = (
			);
			inputFileListPaths = (
				"${PODS_ROOT}/Target Support Files/Pods-Treble/Pods-Treble-resources-${CONFIGURATION}-input-files.xcfilelist",
			);
			name = "[CP] Copy Pods Resources";
			outputFileListPaths = (
				"${PODS_ROOT}/Target Support Files/Pods-Treble/Pods-Treble-resources-${CONFIGURATION}-output-files.xcfilelist",
			);
			runOnlyForDeploymentPostprocessing = 0;
			shellPath = /bin/sh;
			shellScript = "\"${PODS_ROOT}/Target Support Files/Pods-Treble/Pods-Treble-resources.sh\"\n";
			showEnvVarsInLog = 0;
		};
		A5112499190454B04ADE4F19 /* [CP] Embed Pods Frameworks */ = {
			isa = PBXShellScriptBuildPhase;
			buildActionMask = 2147483647;
			files = (
			);
			inputFileListPaths = (
				"${PODS_ROOT}/Target Support Files/Pods-Treble/Pods-Treble-frameworks-${CONFIGURATION}-input-files.xcfilelist",
			);
			name = "[CP] Embed Pods Frameworks";
			outputFileListPaths = (
				"${PODS_ROOT}/Target Support Files/Pods-Treble/Pods-Treble-frameworks-${CONFIGURATION}-output-files.xcfilelist",
			);
			runOnlyForDeploymentPostprocessing = 0;
			shellPath = /bin/sh;
			shellScript = "\"${PODS_ROOT}/Target Support Files/Pods-Treble/Pods-Treble-frameworks.sh\"\n";
			showEnvVarsInLog = 0;
		};
/* End PBXShellScriptBuildPhase section */

/* Begin PBXSourcesBuildPhase section */
		1835D74E2454E5DA005813CE /* Sources */ = {
			isa = PBXSourcesBuildPhase;
			buildActionMask = 2147483647;
			files = (
				1835D75A2454E5DA005813CE /* ConcertsListViewController.swift in Sources */,
				18DBE54C2454FA9B00F41098 /* ConcertDetailTableViewController.swift in Sources */,
				18A938CF2456566900666E2A /* SplashScreenViewController.swift in Sources */,
				18DA7E3224561B7100F319AE /* APIKeys.swift in Sources */,
				1835D7562454E5DA005813CE /* AppDelegate.swift in Sources */,
				18A938D12456758D00666E2A /* SavedConcertsViewController.swift in Sources */,
				18DBE54E2454FB5700F41098 /* Concert.swift in Sources */,
				18DBE550245517D300F41098 /* Concerts.swift in Sources */,
				1835D7582454E5DA005813CE /* SceneDelegate.swift in Sources */,
				18A938CB24563AEF00666E2A /* UIViewController+alert.swift in Sources */,
			);
			runOnlyForDeploymentPostprocessing = 0;
		};
/* End PBXSourcesBuildPhase section */

/* Begin PBXVariantGroup section */
		1835D75B2454E5DA005813CE /* Main.storyboard */ = {
			isa = PBXVariantGroup;
			children = (
				1835D75C2454E5DA005813CE /* Base */,
			);
			name = Main.storyboard;
			sourceTree = "<group>";
		};
		1835D7602454E5DB005813CE /* LaunchScreen.storyboard */ = {
			isa = PBXVariantGroup;
			children = (
				1835D7612454E5DB005813CE /* Base */,
			);
			name = LaunchScreen.storyboard;
			sourceTree = "<group>";
		};
/* End PBXVariantGroup section */

/* Begin XCBuildConfiguration section */
		1835D7642454E5DB005813CE /* Debug */ = {
			isa = XCBuildConfiguration;
			buildSettings = {
				ALWAYS_SEARCH_USER_PATHS = NO;
				CLANG_ANALYZER_NONNULL = YES;
				CLANG_ANALYZER_NUMBER_OBJECT_CONVERSION = YES_AGGRESSIVE;
				CLANG_CXX_LANGUAGE_STANDARD = "gnu++14";
				CLANG_CXX_LIBRARY = "libc++";
				CLANG_ENABLE_MODULES = YES;
				CLANG_ENABLE_OBJC_ARC = YES;
				CLANG_ENABLE_OBJC_WEAK = YES;
				CLANG_WARN_BLOCK_CAPTURE_AUTORELEASING = YES;
				CLANG_WARN_BOOL_CONVERSION = YES;
				CLANG_WARN_COMMA = YES;
				CLANG_WARN_CONSTANT_CONVERSION = YES;
				CLANG_WARN_DEPRECATED_OBJC_IMPLEMENTATIONS = YES;
				CLANG_WARN_DIRECT_OBJC_ISA_USAGE = YES_ERROR;
				CLANG_WARN_DOCUMENTATION_COMMENTS = YES;
				CLANG_WARN_EMPTY_BODY = YES;
				CLANG_WARN_ENUM_CONVERSION = YES;
				CLANG_WARN_INFINITE_RECURSION = YES;
				CLANG_WARN_INT_CONVERSION = YES;
				CLANG_WARN_NON_LITERAL_NULL_CONVERSION = YES;
				CLANG_WARN_OBJC_IMPLICIT_RETAIN_SELF = YES;
				CLANG_WARN_OBJC_LITERAL_CONVERSION = YES;
				CLANG_WARN_OBJC_ROOT_CLASS = YES_ERROR;
				CLANG_WARN_RANGE_LOOP_ANALYSIS = YES;
				CLANG_WARN_STRICT_PROTOTYPES = YES;
				CLANG_WARN_SUSPICIOUS_MOVE = YES;
				CLANG_WARN_UNGUARDED_AVAILABILITY = YES_AGGRESSIVE;
				CLANG_WARN_UNREACHABLE_CODE = YES;
				CLANG_WARN__DUPLICATE_METHOD_MATCH = YES;
				COPY_PHASE_STRIP = NO;
				DEBUG_INFORMATION_FORMAT = dwarf;
				ENABLE_STRICT_OBJC_MSGSEND = YES;
				ENABLE_TESTABILITY = YES;
				GCC_C_LANGUAGE_STANDARD = gnu11;
				GCC_DYNAMIC_NO_PIC = NO;
				GCC_NO_COMMON_BLOCKS = YES;
				GCC_OPTIMIZATION_LEVEL = 0;
				GCC_PREPROCESSOR_DEFINITIONS = (
					"DEBUG=1",
					"$(inherited)",
				);
				GCC_WARN_64_TO_32_BIT_CONVERSION = YES;
				GCC_WARN_ABOUT_RETURN_TYPE = YES_ERROR;
				GCC_WARN_UNDECLARED_SELECTOR = YES;
				GCC_WARN_UNINITIALIZED_AUTOS = YES_AGGRESSIVE;
				GCC_WARN_UNUSED_FUNCTION = YES;
				GCC_WARN_UNUSED_VARIABLE = YES;
				IPHONEOS_DEPLOYMENT_TARGET = 13.2;
				MTL_ENABLE_DEBUG_INFO = INCLUDE_SOURCE;
				MTL_FAST_MATH = YES;
				ONLY_ACTIVE_ARCH = YES;
				SDKROOT = iphoneos;
				SWIFT_ACTIVE_COMPILATION_CONDITIONS = DEBUG;
				SWIFT_OPTIMIZATION_LEVEL = "-Onone";
			};
			name = Debug;
		};
		1835D7652454E5DB005813CE /* Release */ = {
			isa = XCBuildConfiguration;
			buildSettings = {
				ALWAYS_SEARCH_USER_PATHS = NO;
				CLANG_ANALYZER_NONNULL = YES;
				CLANG_ANALYZER_NUMBER_OBJECT_CONVERSION = YES_AGGRESSIVE;
				CLANG_CXX_LANGUAGE_STANDARD = "gnu++14";
				CLANG_CXX_LIBRARY = "libc++";
				CLANG_ENABLE_MODULES = YES;
				CLANG_ENABLE_OBJC_ARC = YES;
				CLANG_ENABLE_OBJC_WEAK = YES;
				CLANG_WARN_BLOCK_CAPTURE_AUTORELEASING = YES;
				CLANG_WARN_BOOL_CONVERSION = YES;
				CLANG_WARN_COMMA = YES;
				CLANG_WARN_CONSTANT_CONVERSION = YES;
				CLANG_WARN_DEPRECATED_OBJC_IMPLEMENTATIONS = YES;
				CLANG_WARN_DIRECT_OBJC_ISA_USAGE = YES_ERROR;
				CLANG_WARN_DOCUMENTATION_COMMENTS = YES;
				CLANG_WARN_EMPTY_BODY = YES;
				CLANG_WARN_ENUM_CONVERSION = YES;
				CLANG_WARN_INFINITE_RECURSION = YES;
				CLANG_WARN_INT_CONVERSION = YES;
				CLANG_WARN_NON_LITERAL_NULL_CONVERSION = YES;
				CLANG_WARN_OBJC_IMPLICIT_RETAIN_SELF = YES;
				CLANG_WARN_OBJC_LITERAL_CONVERSION = YES;
				CLANG_WARN_OBJC_ROOT_CLASS = YES_ERROR;
				CLANG_WARN_RANGE_LOOP_ANALYSIS = YES;
				CLANG_WARN_STRICT_PROTOTYPES = YES;
				CLANG_WARN_SUSPICIOUS_MOVE = YES;
				CLANG_WARN_UNGUARDED_AVAILABILITY = YES_AGGRESSIVE;
				CLANG_WARN_UNREACHABLE_CODE = YES;
				CLANG_WARN__DUPLICATE_METHOD_MATCH = YES;
				COPY_PHASE_STRIP = NO;
				DEBUG_INFORMATION_FORMAT = "dwarf-with-dsym";
				ENABLE_NS_ASSERTIONS = NO;
				ENABLE_STRICT_OBJC_MSGSEND = YES;
				GCC_C_LANGUAGE_STANDARD = gnu11;
				GCC_NO_COMMON_BLOCKS = YES;
				GCC_WARN_64_TO_32_BIT_CONVERSION = YES;
				GCC_WARN_ABOUT_RETURN_TYPE = YES_ERROR;
				GCC_WARN_UNDECLARED_SELECTOR = YES;
				GCC_WARN_UNINITIALIZED_AUTOS = YES_AGGRESSIVE;
				GCC_WARN_UNUSED_FUNCTION = YES;
				GCC_WARN_UNUSED_VARIABLE = YES;
				IPHONEOS_DEPLOYMENT_TARGET = 13.2;
				MTL_ENABLE_DEBUG_INFO = NO;
				MTL_FAST_MATH = YES;
				SDKROOT = iphoneos;
				SWIFT_COMPILATION_MODE = wholemodule;
				SWIFT_OPTIMIZATION_LEVEL = "-O";
				VALIDATE_PRODUCT = YES;
			};
			name = Release;
		};
		1835D7672454E5DB005813CE /* Debug */ = {
			isa = XCBuildConfiguration;
			baseConfigurationReference = 351E357C48CE966D6940D32C /* Pods-Treble.debug.xcconfig */;
			buildSettings = {
				ASSETCATALOG_COMPILER_APPICON_NAME = AppIcon;
				CODE_SIGN_STYLE = Automatic;
				INFOPLIST_FILE = Treble/Info.plist;
				IPHONEOS_DEPLOYMENT_TARGET = 13.2;
				LD_RUNPATH_SEARCH_PATHS = (
					"$(inherited)",
					"@executable_path/Frameworks",
				);
				PRODUCT_BUNDLE_IDENTIFIER = "Aidan-Shea.Treble";
				PRODUCT_NAME = "$(TARGET_NAME)";
				SWIFT_VERSION = 5.0;
				TARGETED_DEVICE_FAMILY = "1,2";
			};
			name = Debug;
		};
		1835D7682454E5DB005813CE /* Release */ = {
			isa = XCBuildConfiguration;
			baseConfigurationReference = AB3FD68E2FF0458EA4082087 /* Pods-Treble.release.xcconfig */;
			buildSettings = {
				ASSETCATALOG_COMPILER_APPICON_NAME = AppIcon;
				CODE_SIGN_STYLE = Automatic;
				INFOPLIST_FILE = Treble/Info.plist;
				IPHONEOS_DEPLOYMENT_TARGET = 13.2;
				LD_RUNPATH_SEARCH_PATHS = (
					"$(inherited)",
					"@executable_path/Frameworks",
				);
				PRODUCT_BUNDLE_IDENTIFIER = "Aidan-Shea.Treble";
				PRODUCT_NAME = "$(TARGET_NAME)";
				SWIFT_VERSION = 5.0;
				TARGETED_DEVICE_FAMILY = "1,2";
			};
			name = Release;
		};
/* End XCBuildConfiguration section */

/* Begin XCConfigurationList section */
		1835D74D2454E5DA005813CE /* Build configuration list for PBXProject "Treble" */ = {
			isa = XCConfigurationList;
			buildConfigurations = (
				1835D7642454E5DB005813CE /* Debug */,
				1835D7652454E5DB005813CE /* Release */,
			);
			defaultConfigurationIsVisible = 0;
			defaultConfigurationName = Release;
		};
		1835D7662454E5DB005813CE /* Build configuration list for PBXNativeTarget "Treble" */ = {
			isa = XCConfigurationList;
			buildConfigurations = (
				1835D7672454E5DB005813CE /* Debug */,
				1835D7682454E5DB005813CE /* Release */,
			);
			defaultConfigurationIsVisible = 0;
			defaultConfigurationName = Release;
		};
/* End XCConfigurationList section */
	};
	rootObject = 1835D74A2454E5DA005813CE /* Project object */;
}
